
Microsoft Visual Studio Solution File, Format Version 12.00
# Visual Studio Version 16
VisualStudioVersion = 16.0.31129.286
MinimumVisualStudioVersion = 10.0.40219.1
Project("{FAE04EC0-301F-11D3-BF4B-00C04F79EFBC}") = "WebbanBALO", "WebbanBALO\WebbanBALO.csproj", "{3639E8D0-6120-4E36-AFAB-3B0453A633F2}"
EndProject
Global
	GlobalSection(SolutionConfigurationPlatforms) = preSolution
		Debug|Any CPU = Debug|Any CPU
		Release|Any CPU = Release|Any CPU
	EndGlobalSection
	GlobalSection(ProjectConfigurationPlatforms) = postSolution
		{3639E8D0-6120-4E36-AFAB-3B0453A633F2}.Debug|Any CPU.ActiveCfg = Debug|Any CPU
		{3639E8D0-6120-4E36-AFAB-3B0453A633F2}.Debug|Any CPU.Build.0 = Debug|Any CPU
		{3639E8D0-6120-4E36-AFAB-3B0453A633F2}.Release|Any CPU.ActiveCfg = Release|Any CPU
		{3639E8D0-6120-4E36-AFAB-3B0453A633F2}.Release|Any CPU.Build.0 = Release|Any CPU
	EndGlobalSection
	GlobalSection(SolutionProperties) = preSolution
		HideSolutionNode = FALSE
	EndGlobalSection
	GlobalSection(ExtensibilityGlobals) = postSolution
		SolutionGuid = {BC421AA3-B125-4C0D-B11D-C347143950AE}
	EndGlobalSection
EndGlobal
